Microsoft Visual Studio Solution File, Format Version 12.00
# Visual Studio Version 17
VisualStudioVersion = 17.5.2.0
MinimumVisualStudioVersion = 10.0.40219.1
Project("{FAE04EC0-301F-11D3-BF4B-00C04F79EFBC}") = "ControleFinanceiro", "ControleFinanceiro.csproj", "{74DEAF12-05B2-DCA9-8999-13756786338D}"
EndProject
Global
	GlobalSection(SolutionConfigurationPlatforms) = preSolution
		Debug|Any CPU = Debug|Any CPU
		Release|Any CPU = Release|Any CPU
	EndGlobalSection
	GlobalSection(ProjectConfigurationPlatforms) = postSolution
		{74DEAF12-05B2-DCA9-8999-13756786338D}.Debug|Any CPU.ActiveCfg = Debug|Any CPU
		{74DEAF12-05B2-DCA9-8999-13756786338D}.Debug|Any CPU.Build.0 = Debug|Any CPU
		{74DEAF12-05B2-DCA9-8999-13756786338D}.Release|Any CPU.ActiveCfg = Release|Any CPU
		{74DEAF12-05B2-DCA9-8999-13756786338D}.Release|Any CPU.Build.0 = Release|Any CPU
	EndGlobalSection
	GlobalSection(SolutionProperties) = preSolution
		HideSolutionNode = FALSE
	EndGlobalSection
	GlobalSection(ExtensibilityGlobals) = postSolution
		SolutionGuid = {30705F70-1426-4052-9097-5272F81279A9}
	EndGlobalSection
EndGlobal
